
Microsoft Visual Studio Solution File, Format Version 12.00
# Visual Studio Version 17
VisualStudioVersion = 17.5.33516.290
MinimumVisualStudioVersion = 10.0.40219.1
Project("{FAE04EC0-301F-11D3-BF4B-00C04F79EFBC}") = "LoadDuLieu", "LoadDuLieu\LoadDuLieu.csproj", "{863E19B1-8786-4FEB-A7A6-E5E30765432B}"
EndProject
Global
	GlobalSection(SolutionConfigurationPlatforms) = preSolution
		Debug|Any CPU = Debug|Any CPU
		Release|Any CPU = Release|Any CPU
	EndGlobalSection
	GlobalSection(ProjectConfigurationPlatforms) = postSolution
		{863E19B1-8786-4FEB-A7A6-E5E30765432B}.Debug|Any CPU.ActiveCfg = Debug|Any CPU
		{863E19B1-8786-4FEB-A7A6-E5E30765432B}.Debug|Any CPU.Build.0 = Debug|Any CPU
		{863E19B1-8786-4FEB-A7A6-E5E30765432B}.Release|Any CPU.ActiveCfg = Release|Any CPU
		{863E19B1-8786-4FEB-A7A6-E5E30765432B}.Release|Any CPU.Build.0 = Release|Any CPU
	EndGlobalSection
	GlobalSection(SolutionProperties) = preSolution
		HideSolutionNode = FALSE
	EndGlobalSection
	GlobalSection(ExtensibilityGlobals) = postSolution
		SolutionGuid = {68AE1CF4-9103-47CF-97F3-87B7DDF6BEBF}
	EndGlobalSection
EndGlobal
